{
  "name": "eduir",
  "version": "1.0.1",
  "lockfileVersion": 1,
  "requires": true,
  "dependencies": {
    "molir": {
      "version": "1.0.2",
      "resolved": "http://satis.tribusdigital.com:4873/molir/-/molir-1.0.2.tgz",
      "integrity": "sha512-ftPRPNmQLdqvuAihnfKImLUKQRWNUyf328BW6Ugwl+f+7cZ68GHo8aHkt63D71g3ei+x5whwgWWpvKHVzAEhxg=="
    }
  }
}
